Microsoft Visual Studio Solution File, Format Version 12.00
# Visual Studio 2012
Project("{FAE04EC0-301F-11D3-BF4B-00C04F79EFBC}") = "ItemLegacy", "ItemLegacy.csproj", "{562D9A31-98A0-4ADB-A7FA-A329B763259C}"
EndProject
Global
	GlobalSection(SolutionConfigurationPlatforms) = preSolution
	Debug|Any CPU = Debug|Any CPU
	ExportDebug|Any CPU = ExportDebug|Any CPU
	ExportRelease|Any CPU = ExportRelease|Any CPU
	EndGlobalSection
	GlobalSection(ProjectConfigurationPlatforms) = postSolution
		{562D9A31-98A0-4ADB-A7FA-A329B763259C}.Debug|Any CPU.ActiveCfg = Debug|Any CPU
		{562D9A31-98A0-4ADB-A7FA-A329B763259C}.Debug|Any CPU.Build.0 = Debug|Any CPU
		{562D9A31-98A0-4ADB-A7FA-A329B763259C}.ExportDebug|Any CPU.ActiveCfg = ExportDebug|Any CPU
		{562D9A31-98A0-4ADB-A7FA-A329B763259C}.ExportDebug|Any CPU.Build.0 = ExportDebug|Any CPU
		{562D9A31-98A0-4ADB-A7FA-A329B763259C}.ExportRelease|Any CPU.ActiveCfg = ExportRelease|Any CPU
		{562D9A31-98A0-4ADB-A7FA-A329B763259C}.ExportRelease|Any CPU.Build.0 = ExportRelease|Any CPU
	EndGlobalSection
EndGlobal
